// !$*UTF8*$!
{
	archiveVersion = 1;
	classes = {
	};
	objectVersion = 77;
	objects = {

/* Begin PBXContainerItemProxy section */
		40FEC1722F5E89AA00D743CD /* PBXContainerItemProxy */ = {
			isa = PBXContainerItemProxy;
			containerPortal = 40FEC15C2F5E89A900D743CD /* Project object */;
			proxyType = 1;
			remoteGlobalIDString = 40FEC1632F5E89A900D743CD;
			remoteInfo = WordGame;
		};
		40FEC17C2F5E89AA00D743CD /* PBXContainerItemProxy */ = {
			isa = PBXContainerItemProxy;
			containerPortal = 40FEC15C2F5E89A900D743CD /* Project object */;
			proxyType = 1;
			remoteGlobalIDString = 40FEC1632F5E89A900D743CD;
			remoteInfo = WordGame;
		};
/* End PBXContainerItemProxy section */

/* Begin PBXFileReference section */
		40FEC1642F5E89A900D743CD /* WordGame.app */ = {isa = PBXFileReference; explicitFileType = wrapper.application; includeInIndex = 0; path = WordGame.app; sourceTree = BUILT_PRODUCTS_DIR; };
		40FEC1712F5E89AA00D743CD /* WordGameTests.xctest */ = {isa = PBXFileReference; explicitFileType = wrapper.cfbundle; includeInIndex = 0; path = WordGameTests.xctest; sourceTree = BUILT_PRODUCTS_DIR; };
		40FEC17B2F5E89AA00D743CD /* WordGameUITests.xctest */ = {isa = PBXFileReference; explicitFileType = wrapper.cfbundle; includeInIndex = 0; path = WordGameUITests.xctest; sourceTree = BUILT_PRODUCTS_DIR; };
/* End PBXFileReference section */

/* Begin PBXFileSystemSynchronizedRootGroup section */
		40FEC1662F5E89A900D743CD /* WordGame */ = {
			isa = PBXFileSystemSynchronizedRootGroup;
			path = WordGame;
			sourceTree = "<group>";
		};
		40FEC1742F5E89AA00D743CD /* WordGameTests */ = {
			isa = PBXFileSystemSynchronizedRootGroup;
			path = WordGameTests;
			sourceTree = "<group>";
		};
		40FEC17E2F5E89AA00D743CD /* WordGameUITests */ = {
			isa = PBXFileSystemSynchronizedRootGroup;
			path = WordGameUITests;
			sourceTree = "<group>";
		};
/* End PBXFileSystemSynchronizedRootGroup section */

/* Begin PBXFrameworksBuildPhase section */
		40FEC1612F5E89A900D743CD /* Frameworks */ = {
			isa = PBXFrameworksBuildPhase;
			buildActionMask = 2147483647;
			files = (
			);
			runOnlyForDeploymentPostprocessing = 0;
		};
		40FEC16E2F5E89AA00D743CD /* Frameworks */ = {
			isa = PBXFrameworksBuildPhase;
			buildActionMask = 2147483647;
			files = (
			);
			runOnlyForDeploymentPostprocessing = 0;
		};
		40FEC1782F5E89AA00D743CD /* Frameworks */ = {
			isa = PBXFrameworksBuildPhase;
			buildActionMask = 2147483647;
			files = (
			);
			runOnlyForDeploymentPostprocessing = 0;
		};
/* End PBXFrameworksBuildPhase section */

/* Begin PBXGroup section */
		40FEC15B2F5E89A900D743CD = {
			isa = PBXGroup;
			children = (
				40FEC1662F5E89A900D743CD /* WordGame */,
				40FEC1742F5E89AA00D743CD /* WordGameTests */,
				40FEC17E2F5E89AA00D743CD /* WordGameUITests */,
				40FEC1652F5E89A900D743CD /* Products */,
			);
			sourceTree = "<group>";
		};
		40FEC1652F5E89A900D743CD /* Products */ = {
			isa = PBXGroup;
			children = (
				40FEC1642F5E89A900D743CD /* WordGame.app */,
				40FEC1712F5E89AA00D743CD /* WordGameTests.xctest */,
				40FEC17B2F5E89AA00D743CD /* WordGameUITests.xctest */,
			);
			name = Products;
			sourceTree = "<group>";
		};
/* End PBXGroup section */

/* Begin PBXNativeTarget section */
		40FEC1632F5E89A900D743CD /* WordGame */ = {
			isa = PBXNativeTarget;
			buildConfigurationList = 40FEC1852F5E89AA00D743CD /* Build configuration list for PBXNativeTarget "WordGame" */;
			buildPhases = (
				40FEC1602F5E89A900D743CD /* Sources */,
				40FEC1612F5E89A900D743CD /* Frameworks */,
				40FEC1622F5E89A900D743CD /* Resources */,
			);
			buildRules = (
			);
			dependencies = (
			);
			fileSystemSynchronizedGroups = (
				40FEC1662F5E89A900D743CD /* WordGame */,
			);
			name = WordGame;
			packageProductDependencies = (
			);
			productName = WordGame;
			productReference = 40FEC1642F5E89A900D743CD /* WordGame.app */;
			productType = "com.apple.product-type.application";
		};
		40FEC1702F5E89AA00D743CD /* WordGameTests */ = {
			isa = PBXNativeTarget;
			buildConfigurationList = 40FEC1882F5E89AA00D743CD /* Build configuration list for PBXNativeTarget "WordGameTests" */;
			buildPhases = (
				40FEC16D2F5E89AA00D743CD /* Sources */,
				40FEC16E2F5E89AA00D743CD /* Frameworks */,
				40FEC16F2F5E89AA00D743CD /* Resources */,
			);
			buildRules = (
			);
			dependencies = (
				40FEC1732F5E89AA00D743CD /* PBXTargetDependency */,
			);
			fileSystemSynchronizedGroups = (
				40FEC1742F5E89AA00D743CD /* WordGameTests */,
			);
			name = WordGameTests;
			packageProductDependencies = (
			);
			productName = WordGameTests;
			productReference = 40FEC1712F5E89AA00D743CD /* WordGameTests.xctest */;
			productType = "com.apple.product-type.bundle.unit-test";
		};
		40FEC17A2F5E89AA00D743CD /* WordGameUITests */ = {
			isa = PBXNativeTarget;
			buildConfigurationList = 40FEC18B2F5E89AA00D743CD /* Build configuration list for PBXNativeTarget "WordGameUITests" */;
			buildPhases = (
				40FEC1772F5E89AA00D743CD /* Sources */,
				40FEC1782F5E89AA00D743CD /* Frameworks */,
				40FEC1792F5E89AA00D743CD /* Resources */,
			);
			buildRules = (
			);
			dependencies = (
				40FEC17D2F5E89AA00D743CD /* PBXTargetDependency */,
			);
			fileSystemSynchronizedGroups = (
				40FEC17E2F5E89AA00D743CD /* WordGameUITests */,
			);
			name = WordGameUITests;
			packageProductDependencies = (
			);
			productName = WordGameUITests;
			productReference = 40FEC17B2F5E89AA00D743CD /* WordGameUITests.xctest */;
			productType = "com.apple.product-type.bundle.ui-testing";
		};
/* End PBXNativeTarget section */

/* Begin PBXProject section */
		40FEC15C2F5E89A900D743CD /* Project object */ = {
			isa = PBXProject;
			attributes = {
				BuildIndependentTargetsInParallel = 1;
				LastSwiftUpdateCheck = 2630;
				LastUpgradeCheck = 2630;
				TargetAttributes = {
					40FEC1632F5E89A900D743CD = {
						CreatedOnToolsVersion = 26.3;
						LastSwiftMigration = 2630;
					};
					40FEC1702F5E89AA00D743CD = {
						CreatedOnToolsVersion = 26.3;
						TestTargetID = 40FEC1632F5E89A900D743CD;
					};
					40FEC17A2F5E89AA00D743CD = {
						CreatedOnToolsVersion = 26.3;
						TestTargetID = 40FEC1632F5E89A900D743CD;
					};
				};
			};
			buildConfigurationList = 40FEC15F2F5E89A900D743CD /* Build configuration list for PBXProject "WordGame" */;
			developmentRegion = en;
			hasScannedForEncodings = 0;
			knownRegions = (
				en,
				Base,
			);
			mainGroup = 40FEC15B2F5E89A900D743CD;
			minimizedProjectReferenceProxies = 1;
			preferredProjectObjectVersion = 77;
			productRefGroup = 40FEC1652F5E89A900D743CD /* Products */;
			projectDirPath = "";
			projectRoot = "";
			targets = (
				40FEC1632F5E89A900D743CD /* WordGame */,
				40FEC1702F5E89AA00D743CD /* WordGameTests */,
				40FEC17A2F5E89AA00D743CD /* WordGameUITests */,
			);
		};
/* End PBXProject section */

/* Begin PBXResourcesBuildPhase section */
		40FEC1622F5E89A900D743CD /* Resources */ = {
			isa = PBXResourcesBuildPhase;
			buildActionMask = 2147483647;
			files = (
			);
			runOnlyForDeploymentPostprocessing = 0;
		};
		40FEC16F2F5E89AA00D743CD /* Resources */ = {
			isa = PBXResourcesBuildPhase;
			buildActionMask = 2147483647;
			files = (
			);
			runOnlyForDeploymentPostprocessing = 0;
		};
		40FEC1792F5E89AA00D743CD /* Resources */ = {
			isa = PBXResourcesBuildPhase;
			buildActionMask = 2147483647;
			files = (
			);
			runOnlyForDeploymentPostprocessing = 0;
		};
/* End PBXResourcesBuildPhase section */

/* Begin PBXSourcesBuildPhase section */
		40FEC1602F5E89A900D743CD /* Sources */ = {
			isa = PBXSourcesBuildPhase;
			buildActionMask = 2147483647;
			files = (
			);
			runOnlyForDeploymentPostprocessing = 0;
		};
		40FEC16D2F5E89AA00D743CD /* Sources */ = {
			isa = PBXSourcesBuildPhase;
			buildActionMask = 2147483647;
			files = (
			);
			runOnlyForDeploymentPostprocessing = 0;
		};
		40FEC1772F5E89AA00D743CD /* Sources */ = {
			isa = PBXSourcesBuildPhase;
			buildActionMask = 2147483647;
			files = (
			);
			runOnlyForDeploymentPostprocessing = 0;
		};
/* End PBXSourcesBuildPhase section */

/* Begin PBXTargetDependency section */
		40FEC1732F5E89AA00D743CD /* PBXTargetDependency */ = {
			isa = PBXTargetDependency;
			target = 40FEC1632F5E89A900D743CD /* WordGame */;
			targetProxy = 40FEC1722F5E89AA00D743CD /* PBXContainerItemProxy */;
		};
		40FEC17D2F5E89AA00D743CD /* PBXTargetDependency */ = {
			isa = PBXTargetDependency;
			target = 40FEC1632F5E89A900D743CD /* WordGame */;
			targetProxy = 40FEC17C2F5E89AA00D743CD /* PBXContainerItemProxy */;
		};
/* End PBXTargetDependency section */

/* Begin XCBuildConfiguration section */
		40FEC1832F5E89AA00D743CD /* Debug */ = {
			isa = XCBuildConfiguration;
			buildSettings = {
				ALWAYS_SEARCH_USER_PATHS = NO;
				ASSETCATALOG_COMPILER_GENERATE_SWIFT_ASSET_SYMBOL_EXTENSIONS = YES;
				CLANG_ANALYZER_NONNULL = YES;
				CLANG_ANALYZER_NUMBER_OBJECT_CONVERSION = YES_AGGRESSIVE;
				CLANG_CXX_LANGUAGE_STANDARD = "gnu++20";
				CLANG_ENABLE_MODULES = YES;
				CLANG_ENABLE_OBJC_ARC = YES;
				CLANG_ENABLE_OBJC_WEAK = YES;
				CLANG_WARN_BLOCK_CAPTURE_AUTORELEASING = YES;
				CLANG_WARN_BOOL_CONVERSION = YES;
				CLANG_WARN_COMMA = YES;
				CLANG_WARN_CONSTANT_CONVERSION = YES;
				CLANG_WARN_DEPRECATED_OBJC_IMPLEMENTATIONS = YES;
				CLANG_WARN_DIRECT_OBJC_ISA_USAGE = YES_ERROR;
				CLANG_WARN_DOCUMENTATION_COMMENTS = YES;
				CLANG_WARN_EMPTY_BODY = YES;
				CLANG_WARN_ENUM_CONVERSION = YES;
				CLANG_WARN_INFINITE_RECURSION = YES;
				CLANG_WARN_INT_CONVERSION = YES;
				CLANG_WARN_NON_LITERAL_NULL_CONVERSION = YES;
				CLANG_WARN_OBJC_IMPLICIT_RETAIN_SELF = YES;
				CLANG_WARN_OBJC_LITERAL_CONVERSION = YES;
				CLANG_WARN_OBJC_ROOT_CLASS = YES_ERROR;
				CLANG_WARN_QUOTED_INCLUDE_IN_FRAMEWORK_HEADER = YES;
				CLANG_WARN_RANGE_LOOP_ANALYSIS = YES;
				CLANG_WARN_STRICT_PROTOTYPES = YES;
				CLANG_WARN_SUSPICIOUS_MOVE = YES;
				CLANG_WARN_UNGUARDED_AVAILABILITY = YES_AGGRESSIVE;
				CLANG_WARN_UNREACHABLE_CODE = YES;
				CLANG_WARN__DUPLICATE_METHOD_MATCH = YES;
				COPY_PHASE_STRIP = NO;
				DEBUG_INFORMATION_FORMAT = dwarf;
				DEVELOPMENT_TEAM = 27CCB8PHUP;
				ENABLE_STRICT_OBJC_MSGSEND = YES;
				ENABLE_TESTABILITY = YES;
				ENABLE_USER_SCRIPT_SANDBOXING = YES;
				GCC_C_LANGUAGE_STANDARD = gnu17;
				GCC_DYNAMIC_NO_PIC = NO;
				GCC_NO_COMMON_BLOCKS = YES;
				GCC_OPTIMIZATION_LEVEL = 0;
				GCC_PREPROCESSOR_DEFINITIONS = (
					"DEBUG=1",
					"$(inherited)",
				);
				GCC_WARN_64_TO_32_BIT_CONVERSION = YES;
				GCC_WARN_ABOUT_RETURN_TYPE = YES_ERROR;
				GCC_WARN_UNDECLARED_SELECTOR = YES;
				GCC_WARN_UNINITIALIZED_AUTOS = YES_AGGRESSIVE;
				GCC_WARN_UNUSED_FUNCTION = YES;
				GCC_WARN_UNUSED_VARIABLE = YES;
				IPHONEOS_DEPLOYMENT_TARGET = 26.2;
				LOCALIZATION_PREFERS_STRING_CATALOGS = YES;
				MTL_ENABLE_DEBUG_INFO = INCLUDE_SOURCE;
				MTL_FAST_MATH = YES;
				ONLY_ACTIVE_ARCH = YES;
				SDKROOT = iphoneos;
				SWIFT_ACTIVE_COMPILATION_CONDITIONS = "DEBUG $(inherited)";
				SWIFT_OPTIMIZATION_LEVEL = "-Onone";
			};
			name = Debug;
		};
		40FEC1842F5E89AA00D743CD /* Release */ = {
			isa = XCBuildConfiguration;
			buildSettings = {
				ALWAYS_SEARCH_USER_PATHS = NO;
				ASSETCATALOG_COMPILER_GENERATE_SWIFT_ASSET_SYMBOL_EXTENSIONS = YES;
				CLANG_ANALYZER_NONNULL = YES;
				CLANG_ANALYZER_NUMBER_OBJECT_CONVERSION = YES_AGGRESSIVE;
				CLANG_CXX_LANGUAGE_STANDARD = "gnu++20";
				CLANG_ENABLE_MODULES = YES;
				CLANG_ENABLE_OBJC_ARC = YES;
				CLANG_ENABLE_OBJC_WEAK = YES;
				CLANG_WARN_BLOCK_CAPTURE_AUTORELEASING = YES;
				CLANG_WARN_BOOL_CONVERSION = YES;
				CLANG_WARN_COMMA = YES;
				CLANG_WARN_CONSTANT_CONVERSION = YES;
				CLANG_WARN_DEPRECATED_OBJC_IMPLEMENTATIONS = YES;
				CLANG_WARN_DIRECT_OBJC_ISA_USAGE = YES_ERROR;
				CLANG_WARN_DOCUMENTATION_COMMENTS = YES;
				CLANG_WARN_EMPTY_BODY = YES;
				CLANG_WARN_ENUM_CONVERSION = YES;
				CLANG_WARN_INFINITE_RECURSION = YES;
				CLANG_WARN_INT_CONVERSION = YES;
				CLANG_WARN_NON_LITERAL_NULL_CONVERSION = YES;
				CLANG_WARN_OBJC_IMPLICIT_RETAIN_SELF = YES;
				CLANG_WARN_OBJC_LITERAL_CONVERSION = YES;
				CLANG_WARN_OBJC_ROOT_CLASS = YES_ERROR;
				CLANG_WARN_QUOTED_INCLUDE_IN_FRAMEWORK_HEADER = YES;
				CLANG_WARN_RANGE_LOOP_ANALYSIS = YES;
				CLANG_WARN_STRICT_PROTOTYPES = YES;
				CLANG_WARN_SUSPICIOUS_MOVE = YES;
				CLANG_WARN_UNGUARDED_AVAILABILITY = YES_AGGRESSIVE;
				CLANG_WARN_UNREACHABLE_CODE = YES;
				CLANG_WARN__DUPLICATE_METHOD_MATCH = YES;
				COPY_PHASE_STRIP = NO;
				DEBUG_INFORMATION_FORMAT = "dwarf-with-dsym";
				DEVELOPMENT_TEAM = 27CCB8PHUP;
				ENABLE_NS_ASSERTIONS = NO;
				ENABLE_STRICT_OBJC_MSGSEND = YES;
				ENABLE_USER_SCRIPT_SANDBOXING = YES;
				GCC_C_LANGUAGE_STANDARD = gnu17;
				GCC_NO_COMMON_BLOCKS = YES;
				GCC_WARN_64_TO_32_BIT_CONVERSION = YES;
				GCC_WARN_ABOUT_RETURN_TYPE = YES_ERROR;
				GCC_WARN_UNDECLARED_SELECTOR = YES;
				GCC_WARN_UNINITIALIZED_AUTOS = YES_AGGRESSIVE;
				GCC_WARN_UNUSED_FUNCTION = YES;
				GCC_WARN_UNUSED_VARIABLE = YES;
				IPHONEOS_DEPLOYMENT_TARGET = 26.2;
				LOCALIZATION_PREFERS_STRING_CATALOGS = YES;
				MTL_ENABLE_DEBUG_INFO = NO;
				MTL_FAST_MATH = YES;
				SDKROOT = iphoneos;
				SWIFT_COMPILATION_MODE = wholemodule;
				VALIDATE_PRODUCT = YES;
			};
			name = Release;
		};
		40FEC1862F5E89AA00D743CD /* Debug */ = {
			isa = XCBuildConfiguration;
			buildSettings = {
				ASSETCATALOG_COMPILER_APPICON_NAME = AppIcon;
				ASSETCATALOG_COMPILER_GLOBAL_ACCENT_COLOR_NAME = AccentColor;
				CLANG_ENABLE_MODULES = YES;
				CODE_SIGN_STYLE = Automatic;
				CURRENT_PROJECT_VERSION = 1;
				DEVELOPMENT_TEAM = 27CCB8PHUP;
				ENABLE_PREVIEWS = YES;
				GENERATE_INFOPLIST_FILE = YES;
				INFOPLIST_KEY_SUPABASE_ANON_KEY = sb_publishable_YrmonVW1diK_jGB7rv3jgQ_Jl3eNor9;
				INFOPLIST_KEY_SUPABASE_EMAIL_REDIRECT_TO = "https://supabase.com";
				INFOPLIST_KEY_SUPABASE_URL = "https://cyuamhemphmvbtquxali.supabase.co";
				INFOPLIST_KEY_UIApplicationSceneManifest_Generation = YES;
				INFOPLIST_KEY_UIApplicationSupportsIndirectInputEvents = YES;
				INFOPLIST_KEY_UILaunchScreen_Generation = YES;
				INFOPLIST_KEY_UISupportedInterfaceOrientations_iPad = "UIInterfaceOrientationPortrait UIInterfaceOrientationPortraitUpsideDown UIInterfaceOrientationLandscapeLeft UIInterfaceOrientationLandscapeRight";
				INFOPLIST_KEY_UISupportedInterfaceOrientations_iPhone = "UIInterfaceOrientationPortrait UIInterfaceOrientationLandscapeLeft UIInterfaceOrientationLandscapeRight";
				LD_RUNPATH_SEARCH_PATHS = (
					"$(inherited)",
					"@executable_path/Frameworks",
				);
				MARKETING_VERSION = 1.0;
				PRODUCT_BUNDLE_IDENTIFIER = com.julianeyman.WordGame;
				PRODUCT_NAME = "$(TARGET_NAME)";
				STRING_CATALOG_GENERATE_SYMBOLS = YES;
				SWIFT_APPROACHABLE_CONCURRENCY = YES;
				SWIFT_DEFAULT_ACTOR_ISOLATION = MainActor;
				SWIFT_EMIT_LOC_STRINGS = YES;
				SWIFT_OBJC_BRIDGING_HEADER = "WordGame/WordGame-Bridging-Header.h";
				SWIFT_OPTIMIZATION_LEVEL = "-Onone";
				SWIFT_UPCOMING_FEATURE_MEMBER_IMPORT_VISIBILITY = YES;
				SWIFT_VERSION = 5.0;
				TARGETED_DEVICE_FAMILY = "1,2";
			};
			name = Debug;
		};
		40FEC1872F5E89AA00D743CD /* Release */ = {
			isa = XCBuildConfiguration;
			buildSettings = {
				ASSETCATALOG_COMPILER_APPICON_NAME = AppIcon;
				ASSETCATALOG_COMPILER_GLOBAL_ACCENT_COLOR_NAME = AccentColor;
				CLANG_ENABLE_MODULES = YES;
				CODE_SIGN_STYLE = Automatic;
				CURRENT_PROJECT_VERSION = 1;
				DEVELOPMENT_TEAM = 27CCB8PHUP;
				ENABLE_PREVIEWS = YES;
				GENERATE_INFOPLIST_FILE = YES;
				INFOPLIST_KEY_SUPABASE_ANON_KEY = sb_publishable_YrmonVW1diK_jGB7rv3jgQ_Jl3eNor9;
				INFOPLIST_KEY_SUPABASE_EMAIL_REDIRECT_TO = "https://supabase.com";
				INFOPLIST_KEY_SUPABASE_URL = "https://cyuamhemphmvbtquxali.supabase.co";
				INFOPLIST_KEY_UIApplicationSceneManifest_Generation = YES;
				INFOPLIST_KEY_UIApplicationSupportsIndirectInputEvents = YES;
				INFOPLIST_KEY_UILaunchScreen_Generation = YES;
				INFOPLIST_KEY_UISupportedInterfaceOrientations_iPad = "UIInterfaceOrientationPortrait UIInterfaceOrientationPortraitUpsideDown UIInterfaceOrientationLandscapeLeft UIInterfaceOrientationLandscapeRight";
				INFOPLIST_KEY_UISupportedInterfaceOrientations_iPhone = "UIInterfaceOrientationPortrait UIInterfaceOrientationLandscapeLeft UIInterfaceOrientationLandscapeRight";
				LD_RUNPATH_SEARCH_PATHS = (
					"$(inherited)",
					"@executable_path/Frameworks",
				);
				MARKETING_VERSION = 1.0;
				PRODUCT_BUNDLE_IDENTIFIER = com.julianeyman.WordGame;
				PRODUCT_NAME = "$(TARGET_NAME)";
				STRING_CATALOG_GENERATE_SYMBOLS = YES;
				SWIFT_APPROACHABLE_CONCURRENCY = YES;
				SWIFT_DEFAULT_ACTOR_ISOLATION = MainActor;
				SWIFT_EMIT_LOC_STRINGS = YES;
				SWIFT_OBJC_BRIDGING_HEADER = "WordGame/WordGame-Bridging-Header.h";
				SWIFT_UPCOMING_FEATURE_MEMBER_IMPORT_VISIBILITY = YES;
				SWIFT_VERSION = 5.0;
				TARGETED_DEVICE_FAMILY = "1,2";
			};
			name = Release;
		};
		40FEC1892F5E89AA00D743CD /* Debug */ = {
			isa = XCBuildConfiguration;
			buildSettings = {
				BUNDLE_LOADER = "$(TEST_HOST)";
				CODE_SIGN_STYLE = Automatic;
				CURRENT_PROJECT_VERSION = 1;
				DEVELOPMENT_TEAM = 27CCB8PHUP;
				GENERATE_INFOPLIST_FILE = YES;
				IPHONEOS_DEPLOYMENT_TARGET = 26.2;
				MARKETING_VERSION = 1.0;
				PRODUCT_BUNDLE_IDENTIFIER = com.julianeyman.WordGameTests;
				PRODUCT_NAME = "$(TARGET_NAME)";
				STRING_CATALOG_GENERATE_SYMBOLS = NO;
				SWIFT_APPROACHABLE_CONCURRENCY = YES;
				SWIFT_EMIT_LOC_STRINGS = NO;
				SWIFT_UPCOMING_FEATURE_MEMBER_IMPORT_VISIBILITY = YES;
				SWIFT_VERSION = 5.0;
				TARGETED_DEVICE_FAMILY = "1,2";
				TEST_HOST = "$(BUILT_PRODUCTS_DIR)/WordGame.app/$(BUNDLE_EXECUTABLE_FOLDER_PATH)/WordGame";
			};
			name = Debug;
		};
		40FEC18A2F5E89AA00D743CD /* Release */ = {
			isa = XCBuildConfiguration;
			buildSettings = {
				BUNDLE_LOADER = "$(TEST_HOST)";
				CODE_SIGN_STYLE = Automatic;
				CURRENT_PROJECT_VERSION = 1;
				DEVELOPMENT_TEAM = 27CCB8PHUP;
				GENERATE_INFOPLIST_FILE = YES;
				IPHONEOS_DEPLOYMENT_TARGET = 26.2;
				MARKETING_VERSION = 1.0;
				PRODUCT_BUNDLE_IDENTIFIER = com.julianeyman.WordGameTests;
				PRODUCT_NAME = "$(TARGET_NAME)";
				STRING_CATALOG_GENERATE_SYMBOLS = NO;
				SWIFT_APPROACHABLE_CONCURRENCY = YES;
				SWIFT_EMIT_LOC_STRINGS = NO;
				SWIFT_UPCOMING_FEATURE_MEMBER_IMPORT_VISIBILITY = YES;
				SWIFT_VERSION = 5.0;
				TARGETED_DEVICE_FAMILY = "1,2";
				TEST_HOST = "$(BUILT_PRODUCTS_DIR)/WordGame.app/$(BUNDLE_EXECUTABLE_FOLDER_PATH)/WordGame";
			};
			name = Release;
		};
		40FEC18C2F5E89AA00D743CD /* Debug */ = {
			isa = XCBuildConfiguration;
			buildSettings = {
				CODE_SIGN_STYLE = Automatic;
				CURRENT_PROJECT_VERSION = 1;
				DEVELOPMENT_TEAM = 27CCB8PHUP;
				GENERATE_INFOPLIST_FILE = YES;
				MARKETING_VERSION = 1.0;
				PRODUCT_BUNDLE_IDENTIFIER = com.julianeyman.WordGameUITests;
				PRODUCT_NAME = "$(TARGET_NAME)";
				STRING_CATALOG_GENERATE_SYMBOLS = NO;
				SWIFT_APPROACHABLE_CONCURRENCY = YES;
				SWIFT_EMIT_LOC_STRINGS = NO;
				SWIFT_UPCOMING_FEATURE_MEMBER_IMPORT_VISIBILITY = YES;
				SWIFT_VERSION = 5.0;
				TARGETED_DEVICE_FAMILY = "1,2";
				TEST_TARGET_NAME = WordGame;
			};
			name = Debug;
		};
		40FEC18D2F5E89AA00D743CD /* Release */ = {
			isa = XCBuildConfiguration;
			buildSettings = {
				CODE_SIGN_STYLE = Automatic;
				CURRENT_PROJECT_VERSION = 1;
				DEVELOPMENT_TEAM = 27CCB8PHUP;
				GENERATE_INFOPLIST_FILE = YES;
				MARKETING_VERSION = 1.0;
				PRODUCT_BUNDLE_IDENTIFIER = com.julianeyman.WordGameUITests;
				PRODUCT_NAME = "$(TARGET_NAME)";
				STRING_CATALOG_GENERATE_SYMBOLS = NO;
				SWIFT_APPROACHABLE_CONCURRENCY = YES;
				SWIFT_EMIT_LOC_STRINGS = NO;
				SWIFT_UPCOMING_FEATURE_MEMBER_IMPORT_VISIBILITY = YES;
				SWIFT_VERSION = 5.0;
				TARGETED_DEVICE_FAMILY = "1,2";
				TEST_TARGET_NAME = WordGame;
			};
			name = Release;
		};
/* End XCBuildConfiguration section */

/* Begin XCConfigurationList section */
		40FEC15F2F5E89A900D743CD /* Build configuration list for PBXProject "WordGame" */ = {
			isa = XCConfigurationList;
			buildConfigurations = (
				40FEC1832F5E89AA00D743CD /* Debug */,
				40FEC1842F5E89AA00D743CD /* Release */,
			);
			defaultConfigurationIsVisible = 0;
			defaultConfigurationName = Release;
		};
		40FEC1852F5E89AA00D743CD /* Build configuration list for PBXNativeTarget "WordGame" */ = {
			isa = XCConfigurationList;
			buildConfigurations = (
				40FEC1862F5E89AA00D743CD /* Debug */,
				40FEC1872F5E89AA00D743CD /* Release */,
			);
			defaultConfigurationIsVisible = 0;
			defaultConfigurationName = Release;
		};
		40FEC1882F5E89AA00D743CD /* Build configuration list for PBXNativeTarget "WordGameTests" */ = {
			isa = XCConfigurationList;
			buildConfigurations = (
				40FEC1892F5E89AA00D743CD /* Debug */,
				40FEC18A2F5E89AA00D743CD /* Release */,
			);
			defaultConfigurationIsVisible = 0;
			defaultConfigurationName = Release;
		};
		40FEC18B2F5E89AA00D743CD /* Build configuration list for PBXNativeTarget "WordGameUITests" */ = {
			isa = XCConfigurationList;
			buildConfigurations = (
				40FEC18C2F5E89AA00D743CD /* Debug */,
				40FEC18D2F5E89AA00D743CD /* Release */,
			);
			defaultConfigurationIsVisible = 0;
			defaultConfigurationName = Release;
		};
/* End XCConfigurationList section */
	};
	rootObject = 40FEC15C2F5E89A900D743CD /* Project object */;
}
